
Microsoft Visual Studio Solution File, Format Version 12.00
# Visual Studio Version 17
VisualStudioVersion = 17.3.32922.545
MinimumVisualStudioVersion = 10.0.40219.1
Project("{FAE04EC0-301F-11D3-BF4B-00C04F79EFBC}") = "EXAMEN", "EXAMEN\EXAMEN.csproj", "{D7015C28-13C8-4538-A005-9377AAEC4134}"
EndProject
Global
	GlobalSection(SolutionConfigurationPlatforms) = preSolution
		Debug|Any CPU = Debug|Any CPU
		Release|Any CPU = Release|Any CPU
	EndGlobalSection
	GlobalSection(ProjectConfigurationPlatforms) = postSolution
		{D7015C28-13C8-4538-A005-9377AAEC4134}.Debug|Any CPU.ActiveCfg = Debug|Any CPU
		{D7015C28-13C8-4538-A005-9377AAEC4134}.Debug|Any CPU.Build.0 = Debug|Any CPU
		{D7015C28-13C8-4538-A005-9377AAEC4134}.Release|Any CPU.ActiveCfg = Release|Any CPU
		{D7015C28-13C8-4538-A005-9377AAEC4134}.Release|Any CPU.Build.0 = Release|Any CPU
	EndGlobalSection
	GlobalSection(SolutionProperties) = preSolution
		HideSolutionNode = FALSE
	EndGlobalSection
	GlobalSection(ExtensibilityGlobals) = postSolution
		SolutionGuid = {37F75A9F-43EE-4FF3-B0BF-0E27B7FCF091}
	EndGlobalSection
EndGlobal
